
Microsoft Visual Studio Solution File, Format Version 12.00
# Visual Studio Version 17
VisualStudioVersion = 17.4.33403.182
MinimumVisualStudioVersion = 10.0.40219.1
Project("{888888A0-9F3D-457C-B088-3A5042F75D52}") = "AA", "AA.pyproj", "{0E72F4DC-EF74-4F49-BC06-C8E28940693F}"
EndProject
Global
	GlobalSection(SolutionConfigurationPlatforms) = preSolution
		Debug|Any CPU = Debug|Any CPU
		Release|Any CPU = Release|Any CPU
	EndGlobalSection
	GlobalSection(ProjectConfigurationPlatforms) = postSolution
		{0E72F4DC-EF74-4F49-BC06-C8E28940693F}.Debug|Any CPU.ActiveCfg = Debug|Any CPU
		{0E72F4DC-EF74-4F49-BC06-C8E28940693F}.Release|Any CPU.ActiveCfg = Release|Any CPU
	EndGlobalSection
	GlobalSection(SolutionProperties) = preSolution
		HideSolutionNode = FALSE
	EndGlobalSection
	GlobalSection(ExtensibilityGlobals) = postSolution
		SolutionGuid = {ABBA5BDB-31D9-4FFA-B373-61DF743DCCB9}
	EndGlobalSection
EndGlobal
