
Microsoft Visual Studio Solution File, Format Version 12.00
# Visual Studio Version 17
VisualStudioVersion = 17.4.33403.182
MinimumVisualStudioVersion = 10.0.40219.1
Project("{888888A0-9F3D-457C-B088-3A5042F75D52}") = "AA", "AA.pyproj", "{91FC908B-EF8E-4B34-8B5F-9C7F893AACA2}"
EndProject
Global
	GlobalSection(SolutionConfigurationPlatforms) = preSolution
		Debug|Any CPU = Debug|Any CPU
		Release|Any CPU = Release|Any CPU
	EndGlobalSection
	GlobalSection(ProjectConfigurationPlatforms) = postSolution
		{91FC908B-EF8E-4B34-8B5F-9C7F893AACA2}.Debug|Any CPU.ActiveCfg = Debug|Any CPU
		{91FC908B-EF8E-4B34-8B5F-9C7F893AACA2}.Release|Any CPU.ActiveCfg = Release|Any CPU
	EndGlobalSection
	GlobalSection(SolutionProperties) = preSolution
		HideSolutionNode = FALSE
	EndGlobalSection
	GlobalSection(ExtensibilityGlobals) = postSolution
		SolutionGuid = {CC2B0ACC-01C8-4ABA-8C06-B43EACDED7F8}
	EndGlobalSection
EndGlobal
