
Microsoft Visual Studio Solution File, Format Version 12.00
# Visual Studio Version 17
VisualStudioVersion = 17.4.33403.182
MinimumVisualStudioVersion = 10.0.40219.1
Project("{888888A0-9F3D-457C-B088-3A5042F75D52}") = "AA", "AA.pyproj", "{4CD0151B-9BD6-4BB8-A470-B6723AA44A23}"
EndProject
Global
	GlobalSection(SolutionConfigurationPlatforms) = preSolution
		Debug|Any CPU = Debug|Any CPU
		Release|Any CPU = Release|Any CPU
	EndGlobalSection
	GlobalSection(ProjectConfigurationPlatforms) = postSolution
		{4CD0151B-9BD6-4BB8-A470-B6723AA44A23}.Debug|Any CPU.ActiveCfg = Debug|Any CPU
		{4CD0151B-9BD6-4BB8-A470-B6723AA44A23}.Release|Any CPU.ActiveCfg = Release|Any CPU
	EndGlobalSection
	GlobalSection(SolutionProperties) = preSolution
		HideSolutionNode = FALSE
	EndGlobalSection
	GlobalSection(ExtensibilityGlobals) = postSolution
		SolutionGuid = {6F8AF796-F4D0-424A-9C37-9E930609E8A3}
	EndGlobalSection
EndGlobal
