
Microsoft Visual Studio Solution File, Format Version 12.00
# Visual Studio Version 17
VisualStudioVersion = 17.4.33403.182
MinimumVisualStudioVersion = 10.0.40219.1
Project("{888888A0-9F3D-457C-B088-3A5042F75D52}") = "AA", "AA.pyproj", "{000908D0-B806-401D-BAC5-EA84BCE4BCFA}"
EndProject
Project("{2150E333-8FDC-42A3-9474-1A3956D46DE8}") = "솔루션 항목", "솔루션 항목", "{70DD8D78-7070-4DB9-8981-A8F842A92A6F}"
EndProject
Global
	GlobalSection(SolutionConfigurationPlatforms) = preSolution
		Debug|Any CPU = Debug|Any CPU
		Release|Any CPU = Release|Any CPU
	EndGlobalSection
	GlobalSection(ProjectConfigurationPlatforms) = postSolution
		{000908D0-B806-401D-BAC5-EA84BCE4BCFA}.Debug|Any CPU.ActiveCfg = Debug|Any CPU
		{000908D0-B806-401D-BAC5-EA84BCE4BCFA}.Release|Any CPU.ActiveCfg = Release|Any CPU
	EndGlobalSection
	GlobalSection(SolutionProperties) = preSolution
		HideSolutionNode = FALSE
	EndGlobalSection
	GlobalSection(ExtensibilityGlobals) = postSolution
		SolutionGuid = {FCA1F942-D0E3-4818-ACC6-22C31F4DC63F}
	EndGlobalSection
EndGlobal
