
Microsoft Visual Studio Solution File, Format Version 12.00
# Visual Studio Version 17
VisualStudioVersion = 17.4.33403.182
MinimumVisualStudioVersion = 10.0.40219.1
Project("{888888A0-9F3D-457C-B088-3A5042F75D52}") = "AA", "AA.pyproj", "{FC7E1AC7-FAD6-4683-AE33-E51DBC3BC11F}"
EndProject
Global
	GlobalSection(SolutionConfigurationPlatforms) = preSolution
		Debug|Any CPU = Debug|Any CPU
		Release|Any CPU = Release|Any CPU
	EndGlobalSection
	GlobalSection(ProjectConfigurationPlatforms) = postSolution
		{FC7E1AC7-FAD6-4683-AE33-E51DBC3BC11F}.Debug|Any CPU.ActiveCfg = Debug|Any CPU
		{FC7E1AC7-FAD6-4683-AE33-E51DBC3BC11F}.Release|Any CPU.ActiveCfg = Release|Any CPU
	EndGlobalSection
	GlobalSection(SolutionProperties) = preSolution
		HideSolutionNode = FALSE
	EndGlobalSection
	GlobalSection(ExtensibilityGlobals) = postSolution
		SolutionGuid = {B592E1E2-82C2-4734-A750-F6B2FC5A1EF7}
	EndGlobalSection
EndGlobal
